{
  "name": "Gen",
  "lockfileVersion": 3,
  "requires": true,
  "packages": {
    "": {
      "dependencies": {
        "@thednp/dommatrix": "^3.0.2"
      }
    },
    "node_modules/@thednp/dommatrix": {
      "version": "3.0.2",
      "resolved": "https://registry.npmjs.org/@thednp/dommatrix/-/dommatrix-3.0.2.tgz",
      "integrity": "sha512-OO4TkIFA1SGuJoiVLgxwEZhGuDBeUxiYYLxnLwBjrL1ktnPHLPtqpjbFDAM0HkruI4/vGvhX7DLxxKDuraEz4A==",
      "license": "MIT",
      "engines": {
        "node": ">=20",
        "pnpm": ">=8.6.0"
      }
    }
  }
}
